<Solution>
    <Folder Name="/Aspire/">
        <Project Path="src/Aspire/BookShop.Shared/BookShop.Shared.csproj" />
        <Project Path="src/Aspire/BookShop.AppHost/BookShop.AppHost.csproj" />
        <Project Path="src/Aspire/BookShop.ServiceDefaults/BookShop.ServiceDefaults.csproj" />
    </Folder>
    <Folder Name="/BuildingBlocks/">
        <Project Path="src/BuildingBlocks/BuildingBlocks.Application/BuildingBlocks.Application.csproj" />
        <Project Path="src/BuildingBlocks/BuildingBlocks.Common/BuildingBlocks.Common.csproj" />
        <Project Path="src/BuildingBlocks/BuildingBlocks.Domain/BuildingBlocks.Domain.csproj" />
        <Project Path="src/BuildingBlocks/BuildingBlocks.Infrastructure/BuildingBlocks.Infrastructure.csproj" />
        <Project Path="src\BuildingBlocks\BuildingBlocks.Api\BuildingBlocks.Api.csproj" />
    </Folder>
    <Folder Name="/Host/">
        <Project Path="src/BookShop.WebApi/BookShop.WebApi.csproj" />
    </Folder>
    <Folder Name="/Services/" />
    <Folder Name="/Services/Cart/">
        <Project Path="src/Services/Cart/BookShop.Cart.Application/BookShop.Cart.Application.csproj" />
        <Project Path="src/Services/Cart/BookShop.Cart.Domain/BookShop.Cart.Domain.csproj" />
        <Project Path="src/Services/Cart/BookShop.Cart.Infrastructure/BookShop.Cart.Infrastructure.csproj" />
        <Project Path="src/Services/Cart/BookShop.Cart.IntegrationEvents/BookShop.Cart.IntegrationEvents.csproj" />
        <Project Path="src\Services\Cart\BookShop.Cart.Api\BookShop.Cart.Api.csproj" />
    </Folder>
    <Folder Name="/Services/Cart/tests/">
        <Project Path="src/Services/Cart/BookShop.Cart.ArchitectureTests/BookShop.Cart.ArchitectureTests.csproj" />
        <Project Path="src/Services/Cart/BookShop.Cart.IntegrationTests/BookShop.Cart.IntegrationTests.csproj" />
    </Folder>
    <Folder Name="/Services/Catalog/">
        <Project Path="src/Services/Catalog/BookShop.Catalog.Application/BookShop.Catalog.Application.csproj" />
        <Project Path="src/Services/Catalog/BookShop.Catalog.Domain/BookShop.Catalog.Domain.csproj" />
        <Project Path="src/Services/Catalog/BookShop.Catalog.Infrastructure/BookShop.Catalog.Infrastructure.csproj" />
        <Project Path="src/Services/Catalog/BookShop.Catalog.IntegrationEvents/BookShop.Catalog.IntegrationEvents.csproj" />
        <Project Path="src\Services\Catalog\BookShop.Catalog.Api\BookShop.Catalog.Api.csproj" />
    </Folder>
    <Folder Name="/Services/Catalog/tests/" />
    <Folder Name="/Services/Inventory/" />
    <Folder Name="/Services/Notification/" />
    <Folder Name="/Services/Orders/" />
    <Folder Name="/Services/Payment/" />
    <Folder Name="/Services/Pricing/" />
    <Folder Name="/Services/Recommendations/" />
    <Folder Name="/Services/Reporting/" />
    <Folder Name="/Services/Reviews/" />
    <Folder Name="/Services/Users/">
        <Project Path="src/Services/Users/BookShop.Users.Application/BookShop.Users.Application.csproj" />
        <Project Path="src/Services/Users/BookShop.Users.Domain/BookShop.Users.Domain.csproj" />
        <Project Path="src/Services/Users/BookShop.Users.Infrastructure/BookShop.Users.Infrastructure.csproj" />
        <Project Path="src/Services/Users/BookShop.Users.IntegrationEvents/BookShop.Users.IntegrationEvents.csproj" />
        <Project Path="src\Services\Users\BookShop.Users.Api\BookShop.Users.Api.csproj" />
    </Folder>
    <Folder Name="/Services/Users/tests/">
        <Project Path="src/Services/Users/BookShop.Users.ArchitectureTests/BookShop.Users.ArchitectureTests.csproj" />
        <Project Path="src/Services/Users/BookShop.Users.IntegrationTests/BookShop.Users.IntegrationTests.csproj" />
        <Project Path="src/Services/Users/BookShop.Users.UnitTests/BookShop.Users.UnitTests.csproj" />
    </Folder>
    <Folder Name="/Solution Items/">
        <File Path=".editorconfig" />
        <File Path="Directory.Build.props" />
        <File Path="Directory.Packages.props" />
    </Folder>
</Solution>
